
Microsoft Visual Studio Solution File, Format Version 12.00
# Visual Studio Version 17
VisualStudioVersion = 17.2.32602.215
MinimumVisualStudioVersion = 10.0.40219.1
Project("{FAE04EC0-301F-11D3-BF4B-00C04F79EFBC}") = "Real Estate App", "Real Estate App\Real Estate App.csproj", "{C9D38444-FDE7-474D-B3C3-35AC0DD655F8}"
EndProject
Global
	GlobalSection(SolutionConfigurationPlatforms) = preSolution
		Debug|Any CPU = Debug|Any CPU
		Release|Any CPU = Release|Any CPU
	EndGlobalSection
	GlobalSection(ProjectConfigurationPlatforms) = postSolution
		{C9D38444-FDE7-474D-B3C3-35AC0DD655F8}.Debug|Any CPU.ActiveCfg = Debug|Any CPU
		{C9D38444-FDE7-474D-B3C3-35AC0DD655F8}.Debug|Any CPU.Build.0 = Debug|Any CPU
		{C9D38444-FDE7-474D-B3C3-35AC0DD655F8}.Release|Any CPU.ActiveCfg = Release|Any CPU
		{C9D38444-FDE7-474D-B3C3-35AC0DD655F8}.Release|Any CPU.Build.0 = Release|Any CPU
	EndGlobalSection
	GlobalSection(SolutionProperties) = preSolution
		HideSolutionNode = FALSE
	EndGlobalSection
	GlobalSection(ExtensibilityGlobals) = postSolution
		SolutionGuid = {58B71FA0-37DB-4E1A-9D28-E71DB7CAD118}
	EndGlobalSection
EndGlobal
